
Microsoft Visual Studio Solution File, Format Version 12.00
# Visual Studio Version 16
VisualStudioVersion = 16.0.29123.89
MinimumVisualStudioVersion = 10.0.40219.1
Project("{FAE04EC0-301F-11D3-BF4B-00C04F79EFBC}") = "Parrot Reflight", "Parrot Reflight\Parrot Reflight.csproj", "{AF4876E7-4BE6-4C2B-9BE4-C427293BBAD2}"
EndProject
Project("{FAE04EC0-301F-11D3-BF4B-00C04F79EFBC}") = "Reflight.ParrotApi", "Reflight.ParrotApi\Reflight.ParrotApi.csproj", "{9E7C2C55-0355-40A1-9B88-C2CAEDF50767}"
EndProject
Global
	GlobalSection(SolutionConfigurationPlatforms) = preSolution
		Debug|Any CPU = Debug|Any CPU
		Release|Any CPU = Release|Any CPU
	EndGlobalSection
	GlobalSection(ProjectConfigurationPlatforms) = postSolution
		{AF4876E7-4BE6-4C2B-9BE4-C427293BBAD2}.Debug|Any CPU.ActiveCfg = Debug|Any CPU
		{AF4876E7-4BE6-4C2B-9BE4-C427293BBAD2}.Debug|Any CPU.Build.0 = Debug|Any CPU
		{AF4876E7-4BE6-4C2B-9BE4-C427293BBAD2}.Release|Any CPU.ActiveCfg = Release|Any CPU
		{AF4876E7-4BE6-4C2B-9BE4-C427293BBAD2}.Release|Any CPU.Build.0 = Release|Any CPU
		{9E7C2C55-0355-40A1-9B88-C2CAEDF50767}.Debug|Any CPU.ActiveCfg = Debug|Any CPU
		{9E7C2C55-0355-40A1-9B88-C2CAEDF50767}.Debug|Any CPU.Build.0 = Debug|Any CPU
		{9E7C2C55-0355-40A1-9B88-C2CAEDF50767}.Release|Any CPU.ActiveCfg = Release|Any CPU
		{9E7C2C55-0355-40A1-9B88-C2CAEDF50767}.Release|Any CPU.Build.0 = Release|Any CPU
	EndGlobalSection
	GlobalSection(SolutionProperties) = preSolution
		HideSolutionNode = FALSE
	EndGlobalSection
	GlobalSection(ExtensibilityGlobals) = postSolution
		SolutionGuid = {E89C8E36-27F8-40C2-BD69-D85BC638469F}
	EndGlobalSection
EndGlobal
