
Microsoft Visual Studio Solution File, Format Version 12.00
# Visual Studio Version 16
VisualStudioVersion = 16.0.29123.89
MinimumVisualStudioVersion = 10.0.40219.1
Project("{9A19103F-16F7-4668-BE54-9A1E7A4F7556}") = "Refligh.ParrotApi.Tests", "Parrot Reflight\Refligh.ParrotApi.Tests.csproj", "{AF4876E7-4BE6-4C2B-9BE4-C427293BBAD2}"
EndProject
Project("{9A19103F-16F7-4668-BE54-9A1E7A4F7556}") = "Reflight.ParrotApi", "Reflight.ParrotApi\Reflight.ParrotApi.csproj", "{9E7C2C55-0355-40A1-9B88-C2CAEDF50767}"
EndProject
Project("{9A19103F-16F7-4668-BE54-9A1E7A4F7556}") = "Reflight.Core", "Reflight.Core\Reflight.Core.csproj", "{9079A810-EA1D-43F6-AD1C-06A2E0FC7057}"
EndProject
Project("{FAE04EC0-301F-11D3-BF4B-00C04F79EFBC}") = "Reflight.Core.Tests", "Reflight.Core.TEsts\Reflight.Core.Tests.csproj", "{71A1737E-3342-4548-9213-2DFD071AEBB6}"
EndProject
Project("{FAE04EC0-301F-11D3-BF4B-00C04F79EFBC}") = "Reflight.Universal", "Reflight.Universal\Reflight.Universal.csproj", "{42B45501-9255-4BA7-8AEA-518C3357E7D8}"
EndProject
Global
	GlobalSection(SolutionConfigurationPlatforms) = preSolution
		Debug|Any CPU = Debug|Any CPU
		Debug|ARM = Debug|ARM
		Debug|ARM64 = Debug|ARM64
		Debug|x64 = Debug|x64
		Debug|x86 = Debug|x86
		Release|Any CPU = Release|Any CPU
		Release|ARM = Release|ARM
		Release|ARM64 = Release|ARM64
		Release|x64 = Release|x64
		Release|x86 = Release|x86
	EndGlobalSection
	GlobalSection(ProjectConfigurationPlatforms) = postSolution
		{AF4876E7-4BE6-4C2B-9BE4-C427293BBAD2}.Debug|Any CPU.ActiveCfg = Debug|Any CPU
		{AF4876E7-4BE6-4C2B-9BE4-C427293BBAD2}.Debug|Any CPU.Build.0 = Debug|Any CPU
		{AF4876E7-4BE6-4C2B-9BE4-C427293BBAD2}.Debug|ARM.ActiveCfg = Debug|Any CPU
		{AF4876E7-4BE6-4C2B-9BE4-C427293BBAD2}.Debug|ARM.Build.0 = Debug|Any CPU
		{AF4876E7-4BE6-4C2B-9BE4-C427293BBAD2}.Debug|ARM64.ActiveCfg = Debug|Any CPU
		{AF4876E7-4BE6-4C2B-9BE4-C427293BBAD2}.Debug|ARM64.Build.0 = Debug|Any CPU
		{AF4876E7-4BE6-4C2B-9BE4-C427293BBAD2}.Debug|x64.ActiveCfg = Debug|Any CPU
		{AF4876E7-4BE6-4C2B-9BE4-C427293BBAD2}.Debug|x64.Build.0 = Debug|Any CPU
		{AF4876E7-4BE6-4C2B-9BE4-C427293BBAD2}.Debug|x86.ActiveCfg = Debug|Any CPU
		{AF4876E7-4BE6-4C2B-9BE4-C427293BBAD2}.Debug|x86.Build.0 = Debug|Any CPU
		{AF4876E7-4BE6-4C2B-9BE4-C427293BBAD2}.Release|Any CPU.ActiveCfg = Release|Any CPU
		{AF4876E7-4BE6-4C2B-9BE4-C427293BBAD2}.Release|Any CPU.Build.0 = Release|Any CPU
		{AF4876E7-4BE6-4C2B-9BE4-C427293BBAD2}.Release|ARM.ActiveCfg = Release|Any CPU
		{AF4876E7-4BE6-4C2B-9BE4-C427293BBAD2}.Release|ARM.Build.0 = Release|Any CPU
		{AF4876E7-4BE6-4C2B-9BE4-C427293BBAD2}.Release|ARM64.ActiveCfg = Release|Any CPU
		{AF4876E7-4BE6-4C2B-9BE4-C427293BBAD2}.Release|ARM64.Build.0 = Release|Any CPU
		{AF4876E7-4BE6-4C2B-9BE4-C427293BBAD2}.Release|x64.ActiveCfg = Release|Any CPU
		{AF4876E7-4BE6-4C2B-9BE4-C427293BBAD2}.Release|x64.Build.0 = Release|Any CPU
		{AF4876E7-4BE6-4C2B-9BE4-C427293BBAD2}.Release|x86.ActiveCfg = Release|Any CPU
		{AF4876E7-4BE6-4C2B-9BE4-C427293BBAD2}.Release|x86.Build.0 = Release|Any CPU
		{9E7C2C55-0355-40A1-9B88-C2CAEDF50767}.Debug|Any CPU.ActiveCfg = Debug|Any CPU
		{9E7C2C55-0355-40A1-9B88-C2CAEDF50767}.Debug|Any CPU.Build.0 = Debug|Any CPU
		{9E7C2C55-0355-40A1-9B88-C2CAEDF50767}.Debug|ARM.ActiveCfg = Debug|Any CPU
		{9E7C2C55-0355-40A1-9B88-C2CAEDF50767}.Debug|ARM.Build.0 = Debug|Any CPU
		{9E7C2C55-0355-40A1-9B88-C2CAEDF50767}.Debug|ARM64.ActiveCfg = Debug|Any CPU
		{9E7C2C55-0355-40A1-9B88-C2CAEDF50767}.Debug|ARM64.Build.0 = Debug|Any CPU
		{9E7C2C55-0355-40A1-9B88-C2CAEDF50767}.Debug|x64.ActiveCfg = Debug|Any CPU
		{9E7C2C55-0355-40A1-9B88-C2CAEDF50767}.Debug|x64.Build.0 = Debug|Any CPU
		{9E7C2C55-0355-40A1-9B88-C2CAEDF50767}.Debug|x86.ActiveCfg = Debug|Any CPU
		{9E7C2C55-0355-40A1-9B88-C2CAEDF50767}.Debug|x86.Build.0 = Debug|Any CPU
		{9E7C2C55-0355-40A1-9B88-C2CAEDF50767}.Release|Any CPU.ActiveCfg = Release|Any CPU
		{9E7C2C55-0355-40A1-9B88-C2CAEDF50767}.Release|Any CPU.Build.0 = Release|Any CPU
		{9E7C2C55-0355-40A1-9B88-C2CAEDF50767}.Release|ARM.ActiveCfg = Release|Any CPU
		{9E7C2C55-0355-40A1-9B88-C2CAEDF50767}.Release|ARM.Build.0 = Release|Any CPU
		{9E7C2C55-0355-40A1-9B88-C2CAEDF50767}.Release|ARM64.ActiveCfg = Release|Any CPU
		{9E7C2C55-0355-40A1-9B88-C2CAEDF50767}.Release|ARM64.Build.0 = Release|Any CPU
		{9E7C2C55-0355-40A1-9B88-C2CAEDF50767}.Release|x64.ActiveCfg = Release|Any CPU
		{9E7C2C55-0355-40A1-9B88-C2CAEDF50767}.Release|x64.Build.0 = Release|Any CPU
		{9E7C2C55-0355-40A1-9B88-C2CAEDF50767}.Release|x86.ActiveCfg = Release|Any CPU
		{9E7C2C55-0355-40A1-9B88-C2CAEDF50767}.Release|x86.Build.0 = Release|Any CPU
		{9079A810-EA1D-43F6-AD1C-06A2E0FC7057}.Debug|Any CPU.ActiveCfg = Debug|Any CPU
		{9079A810-EA1D-43F6-AD1C-06A2E0FC7057}.Debug|Any CPU.Build.0 = Debug|Any CPU
		{9079A810-EA1D-43F6-AD1C-06A2E0FC7057}.Debug|ARM.ActiveCfg = Debug|Any CPU
		{9079A810-EA1D-43F6-AD1C-06A2E0FC7057}.Debug|ARM.Build.0 = Debug|Any CPU
		{9079A810-EA1D-43F6-AD1C-06A2E0FC7057}.Debug|ARM64.ActiveCfg = Debug|Any CPU
		{9079A810-EA1D-43F6-AD1C-06A2E0FC7057}.Debug|ARM64.Build.0 = Debug|Any CPU
		{9079A810-EA1D-43F6-AD1C-06A2E0FC7057}.Debug|x64.ActiveCfg = Debug|Any CPU
		{9079A810-EA1D-43F6-AD1C-06A2E0FC7057}.Debug|x64.Build.0 = Debug|Any CPU
		{9079A810-EA1D-43F6-AD1C-06A2E0FC7057}.Debug|x86.ActiveCfg = Debug|Any CPU
		{9079A810-EA1D-43F6-AD1C-06A2E0FC7057}.Debug|x86.Build.0 = Debug|Any CPU
		{9079A810-EA1D-43F6-AD1C-06A2E0FC7057}.Release|Any CPU.ActiveCfg = Release|Any CPU
		{9079A810-EA1D-43F6-AD1C-06A2E0FC7057}.Release|Any CPU.Build.0 = Release|Any CPU
		{9079A810-EA1D-43F6-AD1C-06A2E0FC7057}.Release|ARM.ActiveCfg = Release|Any CPU
		{9079A810-EA1D-43F6-AD1C-06A2E0FC7057}.Release|ARM.Build.0 = Release|Any CPU
		{9079A810-EA1D-43F6-AD1C-06A2E0FC7057}.Release|ARM64.ActiveCfg = Release|Any CPU
		{9079A810-EA1D-43F6-AD1C-06A2E0FC7057}.Release|ARM64.Build.0 = Release|Any CPU
		{9079A810-EA1D-43F6-AD1C-06A2E0FC7057}.Release|x64.ActiveCfg = Release|Any CPU
		{9079A810-EA1D-43F6-AD1C-06A2E0FC7057}.Release|x64.Build.0 = Release|Any CPU
		{9079A810-EA1D-43F6-AD1C-06A2E0FC7057}.Release|x86.ActiveCfg = Release|Any CPU
		{9079A810-EA1D-43F6-AD1C-06A2E0FC7057}.Release|x86.Build.0 = Release|Any CPU
		{71A1737E-3342-4548-9213-2DFD071AEBB6}.Debug|Any CPU.ActiveCfg = Debug|Any CPU
		{71A1737E-3342-4548-9213-2DFD071AEBB6}.Debug|Any CPU.Build.0 = Debug|Any CPU
		{71A1737E-3342-4548-9213-2DFD071AEBB6}.Debug|ARM.ActiveCfg = Debug|Any CPU
		{71A1737E-3342-4548-9213-2DFD071AEBB6}.Debug|ARM.Build.0 = Debug|Any CPU
		{71A1737E-3342-4548-9213-2DFD071AEBB6}.Debug|ARM64.ActiveCfg = Debug|Any CPU
		{71A1737E-3342-4548-9213-2DFD071AEBB6}.Debug|ARM64.Build.0 = Debug|Any CPU
		{71A1737E-3342-4548-9213-2DFD071AEBB6}.Debug|x64.ActiveCfg = Debug|Any CPU
		{71A1737E-3342-4548-9213-2DFD071AEBB6}.Debug|x64.Build.0 = Debug|Any CPU
		{71A1737E-3342-4548-9213-2DFD071AEBB6}.Debug|x86.ActiveCfg = Debug|Any CPU
		{71A1737E-3342-4548-9213-2DFD071AEBB6}.Debug|x86.Build.0 = Debug|Any CPU
		{71A1737E-3342-4548-9213-2DFD071AEBB6}.Release|Any CPU.ActiveCfg = Release|Any CPU
		{71A1737E-3342-4548-9213-2DFD071AEBB6}.Release|Any CPU.Build.0 = Release|Any CPU
		{71A1737E-3342-4548-9213-2DFD071AEBB6}.Release|ARM.ActiveCfg = Release|Any CPU
		{71A1737E-3342-4548-9213-2DFD071AEBB6}.Release|ARM.Build.0 = Release|Any CPU
		{71A1737E-3342-4548-9213-2DFD071AEBB6}.Release|ARM64.ActiveCfg = Release|Any CPU
		{71A1737E-3342-4548-9213-2DFD071AEBB6}.Release|ARM64.Build.0 = Release|Any CPU
		{71A1737E-3342-4548-9213-2DFD071AEBB6}.Release|x64.ActiveCfg = Release|Any CPU
		{71A1737E-3342-4548-9213-2DFD071AEBB6}.Release|x64.Build.0 = Release|Any CPU
		{71A1737E-3342-4548-9213-2DFD071AEBB6}.Release|x86.ActiveCfg = Release|Any CPU
		{71A1737E-3342-4548-9213-2DFD071AEBB6}.Release|x86.Build.0 = Release|Any CPU
		{42B45501-9255-4BA7-8AEA-518C3357E7D8}.Debug|Any CPU.ActiveCfg = Debug|x86
		{42B45501-9255-4BA7-8AEA-518C3357E7D8}.Debug|ARM.ActiveCfg = Debug|ARM
		{42B45501-9255-4BA7-8AEA-518C3357E7D8}.Debug|ARM.Build.0 = Debug|ARM
		{42B45501-9255-4BA7-8AEA-518C3357E7D8}.Debug|ARM.Deploy.0 = Debug|ARM
		{42B45501-9255-4BA7-8AEA-518C3357E7D8}.Debug|ARM64.ActiveCfg = Debug|ARM64
		{42B45501-9255-4BA7-8AEA-518C3357E7D8}.Debug|ARM64.Build.0 = Debug|ARM64
		{42B45501-9255-4BA7-8AEA-518C3357E7D8}.Debug|ARM64.Deploy.0 = Debug|ARM64
		{42B45501-9255-4BA7-8AEA-518C3357E7D8}.Debug|x64.ActiveCfg = Debug|x64
		{42B45501-9255-4BA7-8AEA-518C3357E7D8}.Debug|x64.Build.0 = Debug|x64
		{42B45501-9255-4BA7-8AEA-518C3357E7D8}.Debug|x64.Deploy.0 = Debug|x64
		{42B45501-9255-4BA7-8AEA-518C3357E7D8}.Debug|x86.ActiveCfg = Debug|x86
		{42B45501-9255-4BA7-8AEA-518C3357E7D8}.Debug|x86.Build.0 = Debug|x86
		{42B45501-9255-4BA7-8AEA-518C3357E7D8}.Debug|x86.Deploy.0 = Debug|x86
		{42B45501-9255-4BA7-8AEA-518C3357E7D8}.Release|Any CPU.ActiveCfg = Release|x86
		{42B45501-9255-4BA7-8AEA-518C3357E7D8}.Release|ARM.ActiveCfg = Release|ARM
		{42B45501-9255-4BA7-8AEA-518C3357E7D8}.Release|ARM.Build.0 = Release|ARM
		{42B45501-9255-4BA7-8AEA-518C3357E7D8}.Release|ARM.Deploy.0 = Release|ARM
		{42B45501-9255-4BA7-8AEA-518C3357E7D8}.Release|ARM64.ActiveCfg = Release|ARM64
		{42B45501-9255-4BA7-8AEA-518C3357E7D8}.Release|ARM64.Build.0 = Release|ARM64
		{42B45501-9255-4BA7-8AEA-518C3357E7D8}.Release|ARM64.Deploy.0 = Release|ARM64
		{42B45501-9255-4BA7-8AEA-518C3357E7D8}.Release|x64.ActiveCfg = Release|x64
		{42B45501-9255-4BA7-8AEA-518C3357E7D8}.Release|x64.Build.0 = Release|x64
		{42B45501-9255-4BA7-8AEA-518C3357E7D8}.Release|x64.Deploy.0 = Release|x64
		{42B45501-9255-4BA7-8AEA-518C3357E7D8}.Release|x86.ActiveCfg = Release|x86
		{42B45501-9255-4BA7-8AEA-518C3357E7D8}.Release|x86.Build.0 = Release|x86
		{42B45501-9255-4BA7-8AEA-518C3357E7D8}.Release|x86.Deploy.0 = Release|x86
	EndGlobalSection
	GlobalSection(SolutionProperties) = preSolution
		HideSolutionNode = FALSE
	EndGlobalSection
	GlobalSection(ExtensibilityGlobals) = postSolution
		SolutionGuid = {E89C8E36-27F8-40C2-BD69-D85BC638469F}
	EndGlobalSection
EndGlobal
