
Microsoft Visual Studio Solution File, Format Version 12.00
# Visual Studio Version 16
VisualStudioVersion = 16.0.29209.152
MinimumVisualStudioVersion = 10.0.40219.1
Project("{9A19103F-16F7-4668-BE54-9A1E7A4F7556}") = "Reflight.Core", "Reflight.Core\Reflight.Core.csproj", "{9079A810-EA1D-43F6-AD1C-06A2E0FC7057}"
EndProject
Project("{9A19103F-16F7-4668-BE54-9A1E7A4F7556}") = "Parrot.FlightAcademy", "Parrot.FlightAcademy\Parrot.FlightAcademy.csproj", "{A8E3D1B7-082C-4AB3-92BA-8A7E75E0D04E}"
EndProject
Project("{FAE04EC0-301F-11D3-BF4B-00C04F79EFBC}") = "Reflight.Gui", "Reflight.Gui\Reflight.Gui.csproj", "{CC20689E-1D5B-44D3-A9C1-44DB718B2D01}"
EndProject
Project("{9A19103F-16F7-4668-BE54-9A1E7A4F7556}") = "Reflight.Gui.ViewModels", "Reflight.Gui.ViewModels\Reflight.Gui.ViewModels.csproj", "{F8B6F74C-8ED1-4B10-9B27-A672F4B94025}"
EndProject
Project("{FAE04EC0-301F-11D3-BF4B-00C04F79EFBC}") = "Zafiro.Uwp.Core", "Zafiro.Uwp.Core\Zafiro.Uwp.Core.csproj", "{BFDF9829-A9A9-4A53-93AE-9CD3FD1322BE}"
EndProject
Global
	GlobalSection(SolutionConfigurationPlatforms) = preSolution
		Debug|Any CPU = Debug|Any CPU
		Debug|ARM = Debug|ARM
		Debug|ARM64 = Debug|ARM64
		Debug|x64 = Debug|x64
		Debug|x86 = Debug|x86
		Release|Any CPU = Release|Any CPU
		Release|ARM = Release|ARM
		Release|ARM64 = Release|ARM64
		Release|x64 = Release|x64
		Release|x86 = Release|x86
	EndGlobalSection
	GlobalSection(ProjectConfigurationPlatforms) = postSolution
		{9079A810-EA1D-43F6-AD1C-06A2E0FC7057}.Debug|Any CPU.ActiveCfg = Debug|Any CPU
		{9079A810-EA1D-43F6-AD1C-06A2E0FC7057}.Debug|Any CPU.Build.0 = Debug|Any CPU
		{9079A810-EA1D-43F6-AD1C-06A2E0FC7057}.Debug|ARM.ActiveCfg = Debug|Any CPU
		{9079A810-EA1D-43F6-AD1C-06A2E0FC7057}.Debug|ARM.Build.0 = Debug|Any CPU
		{9079A810-EA1D-43F6-AD1C-06A2E0FC7057}.Debug|ARM64.ActiveCfg = Debug|Any CPU
		{9079A810-EA1D-43F6-AD1C-06A2E0FC7057}.Debug|ARM64.Build.0 = Debug|Any CPU
		{9079A810-EA1D-43F6-AD1C-06A2E0FC7057}.Debug|x64.ActiveCfg = Debug|Any CPU
		{9079A810-EA1D-43F6-AD1C-06A2E0FC7057}.Debug|x64.Build.0 = Debug|Any CPU
		{9079A810-EA1D-43F6-AD1C-06A2E0FC7057}.Debug|x86.ActiveCfg = Debug|Any CPU
		{9079A810-EA1D-43F6-AD1C-06A2E0FC7057}.Debug|x86.Build.0 = Debug|Any CPU
		{9079A810-EA1D-43F6-AD1C-06A2E0FC7057}.Release|Any CPU.ActiveCfg = Release|Any CPU
		{9079A810-EA1D-43F6-AD1C-06A2E0FC7057}.Release|Any CPU.Build.0 = Release|Any CPU
		{9079A810-EA1D-43F6-AD1C-06A2E0FC7057}.Release|ARM.ActiveCfg = Release|Any CPU
		{9079A810-EA1D-43F6-AD1C-06A2E0FC7057}.Release|ARM.Build.0 = Release|Any CPU
		{9079A810-EA1D-43F6-AD1C-06A2E0FC7057}.Release|ARM64.ActiveCfg = Release|Any CPU
		{9079A810-EA1D-43F6-AD1C-06A2E0FC7057}.Release|ARM64.Build.0 = Release|Any CPU
		{9079A810-EA1D-43F6-AD1C-06A2E0FC7057}.Release|x64.ActiveCfg = Release|Any CPU
		{9079A810-EA1D-43F6-AD1C-06A2E0FC7057}.Release|x64.Build.0 = Release|Any CPU
		{9079A810-EA1D-43F6-AD1C-06A2E0FC7057}.Release|x86.ActiveCfg = Release|Any CPU
		{9079A810-EA1D-43F6-AD1C-06A2E0FC7057}.Release|x86.Build.0 = Release|Any CPU
		{A8E3D1B7-082C-4AB3-92BA-8A7E75E0D04E}.Debug|Any CPU.ActiveCfg = Debug|Any CPU
		{A8E3D1B7-082C-4AB3-92BA-8A7E75E0D04E}.Debug|Any CPU.Build.0 = Debug|Any CPU
		{A8E3D1B7-082C-4AB3-92BA-8A7E75E0D04E}.Debug|ARM.ActiveCfg = Debug|Any CPU
		{A8E3D1B7-082C-4AB3-92BA-8A7E75E0D04E}.Debug|ARM.Build.0 = Debug|Any CPU
		{A8E3D1B7-082C-4AB3-92BA-8A7E75E0D04E}.Debug|ARM64.ActiveCfg = Debug|Any CPU
		{A8E3D1B7-082C-4AB3-92BA-8A7E75E0D04E}.Debug|ARM64.Build.0 = Debug|Any CPU
		{A8E3D1B7-082C-4AB3-92BA-8A7E75E0D04E}.Debug|x64.ActiveCfg = Debug|Any CPU
		{A8E3D1B7-082C-4AB3-92BA-8A7E75E0D04E}.Debug|x64.Build.0 = Debug|Any CPU
		{A8E3D1B7-082C-4AB3-92BA-8A7E75E0D04E}.Debug|x86.ActiveCfg = Debug|Any CPU
		{A8E3D1B7-082C-4AB3-92BA-8A7E75E0D04E}.Debug|x86.Build.0 = Debug|Any CPU
		{A8E3D1B7-082C-4AB3-92BA-8A7E75E0D04E}.Release|Any CPU.ActiveCfg = Release|Any CPU
		{A8E3D1B7-082C-4AB3-92BA-8A7E75E0D04E}.Release|Any CPU.Build.0 = Release|Any CPU
		{A8E3D1B7-082C-4AB3-92BA-8A7E75E0D04E}.Release|ARM.ActiveCfg = Release|Any CPU
		{A8E3D1B7-082C-4AB3-92BA-8A7E75E0D04E}.Release|ARM.Build.0 = Release|Any CPU
		{A8E3D1B7-082C-4AB3-92BA-8A7E75E0D04E}.Release|ARM64.ActiveCfg = Release|Any CPU
		{A8E3D1B7-082C-4AB3-92BA-8A7E75E0D04E}.Release|ARM64.Build.0 = Release|Any CPU
		{A8E3D1B7-082C-4AB3-92BA-8A7E75E0D04E}.Release|x64.ActiveCfg = Release|Any CPU
		{A8E3D1B7-082C-4AB3-92BA-8A7E75E0D04E}.Release|x64.Build.0 = Release|Any CPU
		{A8E3D1B7-082C-4AB3-92BA-8A7E75E0D04E}.Release|x86.ActiveCfg = Release|Any CPU
		{A8E3D1B7-082C-4AB3-92BA-8A7E75E0D04E}.Release|x86.Build.0 = Release|Any CPU
		{CC20689E-1D5B-44D3-A9C1-44DB718B2D01}.Debug|Any CPU.ActiveCfg = Debug|x86
		{CC20689E-1D5B-44D3-A9C1-44DB718B2D01}.Debug|ARM.ActiveCfg = Debug|ARM
		{CC20689E-1D5B-44D3-A9C1-44DB718B2D01}.Debug|ARM.Build.0 = Debug|ARM
		{CC20689E-1D5B-44D3-A9C1-44DB718B2D01}.Debug|ARM.Deploy.0 = Debug|ARM
		{CC20689E-1D5B-44D3-A9C1-44DB718B2D01}.Debug|ARM64.ActiveCfg = Debug|ARM64
		{CC20689E-1D5B-44D3-A9C1-44DB718B2D01}.Debug|ARM64.Build.0 = Debug|ARM64
		{CC20689E-1D5B-44D3-A9C1-44DB718B2D01}.Debug|ARM64.Deploy.0 = Debug|ARM64
		{CC20689E-1D5B-44D3-A9C1-44DB718B2D01}.Debug|x64.ActiveCfg = Debug|x64
		{CC20689E-1D5B-44D3-A9C1-44DB718B2D01}.Debug|x64.Build.0 = Debug|x64
		{CC20689E-1D5B-44D3-A9C1-44DB718B2D01}.Debug|x64.Deploy.0 = Debug|x64
		{CC20689E-1D5B-44D3-A9C1-44DB718B2D01}.Debug|x86.ActiveCfg = Debug|x86
		{CC20689E-1D5B-44D3-A9C1-44DB718B2D01}.Debug|x86.Build.0 = Debug|x86
		{CC20689E-1D5B-44D3-A9C1-44DB718B2D01}.Debug|x86.Deploy.0 = Debug|x86
		{CC20689E-1D5B-44D3-A9C1-44DB718B2D01}.Release|Any CPU.ActiveCfg = Release|x86
		{CC20689E-1D5B-44D3-A9C1-44DB718B2D01}.Release|ARM.ActiveCfg = Release|ARM
		{CC20689E-1D5B-44D3-A9C1-44DB718B2D01}.Release|ARM.Build.0 = Release|ARM
		{CC20689E-1D5B-44D3-A9C1-44DB718B2D01}.Release|ARM.Deploy.0 = Release|ARM
		{CC20689E-1D5B-44D3-A9C1-44DB718B2D01}.Release|ARM64.ActiveCfg = Release|ARM64
		{CC20689E-1D5B-44D3-A9C1-44DB718B2D01}.Release|ARM64.Build.0 = Release|ARM64
		{CC20689E-1D5B-44D3-A9C1-44DB718B2D01}.Release|ARM64.Deploy.0 = Release|ARM64
		{CC20689E-1D5B-44D3-A9C1-44DB718B2D01}.Release|x64.ActiveCfg = Release|x64
		{CC20689E-1D5B-44D3-A9C1-44DB718B2D01}.Release|x64.Build.0 = Release|x64
		{CC20689E-1D5B-44D3-A9C1-44DB718B2D01}.Release|x64.Deploy.0 = Release|x64
		{CC20689E-1D5B-44D3-A9C1-44DB718B2D01}.Release|x86.ActiveCfg = Release|x86
		{CC20689E-1D5B-44D3-A9C1-44DB718B2D01}.Release|x86.Build.0 = Release|x86
		{CC20689E-1D5B-44D3-A9C1-44DB718B2D01}.Release|x86.Deploy.0 = Release|x86
		{F8B6F74C-8ED1-4B10-9B27-A672F4B94025}.Debug|Any CPU.ActiveCfg = Debug|Any CPU
		{F8B6F74C-8ED1-4B10-9B27-A672F4B94025}.Debug|Any CPU.Build.0 = Debug|Any CPU
		{F8B6F74C-8ED1-4B10-9B27-A672F4B94025}.Debug|ARM.ActiveCfg = Debug|Any CPU
		{F8B6F74C-8ED1-4B10-9B27-A672F4B94025}.Debug|ARM.Build.0 = Debug|Any CPU
		{F8B6F74C-8ED1-4B10-9B27-A672F4B94025}.Debug|ARM64.ActiveCfg = Debug|Any CPU
		{F8B6F74C-8ED1-4B10-9B27-A672F4B94025}.Debug|ARM64.Build.0 = Debug|Any CPU
		{F8B6F74C-8ED1-4B10-9B27-A672F4B94025}.Debug|x64.ActiveCfg = Debug|Any CPU
		{F8B6F74C-8ED1-4B10-9B27-A672F4B94025}.Debug|x64.Build.0 = Debug|Any CPU
		{F8B6F74C-8ED1-4B10-9B27-A672F4B94025}.Debug|x86.ActiveCfg = Debug|Any CPU
		{F8B6F74C-8ED1-4B10-9B27-A672F4B94025}.Debug|x86.Build.0 = Debug|Any CPU
		{F8B6F74C-8ED1-4B10-9B27-A672F4B94025}.Release|Any CPU.ActiveCfg = Release|Any CPU
		{F8B6F74C-8ED1-4B10-9B27-A672F4B94025}.Release|Any CPU.Build.0 = Release|Any CPU
		{F8B6F74C-8ED1-4B10-9B27-A672F4B94025}.Release|ARM.ActiveCfg = Release|Any CPU
		{F8B6F74C-8ED1-4B10-9B27-A672F4B94025}.Release|ARM.Build.0 = Release|Any CPU
		{F8B6F74C-8ED1-4B10-9B27-A672F4B94025}.Release|ARM64.ActiveCfg = Release|Any CPU
		{F8B6F74C-8ED1-4B10-9B27-A672F4B94025}.Release|ARM64.Build.0 = Release|Any CPU
		{F8B6F74C-8ED1-4B10-9B27-A672F4B94025}.Release|x64.ActiveCfg = Release|Any CPU
		{F8B6F74C-8ED1-4B10-9B27-A672F4B94025}.Release|x64.Build.0 = Release|Any CPU
		{F8B6F74C-8ED1-4B10-9B27-A672F4B94025}.Release|x86.ActiveCfg = Release|Any CPU
		{F8B6F74C-8ED1-4B10-9B27-A672F4B94025}.Release|x86.Build.0 = Release|Any CPU
		{BFDF9829-A9A9-4A53-93AE-9CD3FD1322BE}.Debug|Any CPU.ActiveCfg = Debug|Any CPU
		{BFDF9829-A9A9-4A53-93AE-9CD3FD1322BE}.Debug|Any CPU.Build.0 = Debug|Any CPU
		{BFDF9829-A9A9-4A53-93AE-9CD3FD1322BE}.Debug|ARM.ActiveCfg = Debug|ARM
		{BFDF9829-A9A9-4A53-93AE-9CD3FD1322BE}.Debug|ARM.Build.0 = Debug|ARM
		{BFDF9829-A9A9-4A53-93AE-9CD3FD1322BE}.Debug|ARM64.ActiveCfg = Debug|ARM64
		{BFDF9829-A9A9-4A53-93AE-9CD3FD1322BE}.Debug|ARM64.Build.0 = Debug|ARM64
		{BFDF9829-A9A9-4A53-93AE-9CD3FD1322BE}.Debug|x64.ActiveCfg = Debug|x64
		{BFDF9829-A9A9-4A53-93AE-9CD3FD1322BE}.Debug|x64.Build.0 = Debug|x64
		{BFDF9829-A9A9-4A53-93AE-9CD3FD1322BE}.Debug|x86.ActiveCfg = Debug|x86
		{BFDF9829-A9A9-4A53-93AE-9CD3FD1322BE}.Debug|x86.Build.0 = Debug|x86
		{BFDF9829-A9A9-4A53-93AE-9CD3FD1322BE}.Release|Any CPU.ActiveCfg = Release|Any CPU
		{BFDF9829-A9A9-4A53-93AE-9CD3FD1322BE}.Release|Any CPU.Build.0 = Release|Any CPU
		{BFDF9829-A9A9-4A53-93AE-9CD3FD1322BE}.Release|ARM.ActiveCfg = Release|ARM
		{BFDF9829-A9A9-4A53-93AE-9CD3FD1322BE}.Release|ARM.Build.0 = Release|ARM
		{BFDF9829-A9A9-4A53-93AE-9CD3FD1322BE}.Release|ARM64.ActiveCfg = Release|ARM64
		{BFDF9829-A9A9-4A53-93AE-9CD3FD1322BE}.Release|ARM64.Build.0 = Release|ARM64
		{BFDF9829-A9A9-4A53-93AE-9CD3FD1322BE}.Release|x64.ActiveCfg = Release|x64
		{BFDF9829-A9A9-4A53-93AE-9CD3FD1322BE}.Release|x64.Build.0 = Release|x64
		{BFDF9829-A9A9-4A53-93AE-9CD3FD1322BE}.Release|x86.ActiveCfg = Release|x86
		{BFDF9829-A9A9-4A53-93AE-9CD3FD1322BE}.Release|x86.Build.0 = Release|x86
	EndGlobalSection
	GlobalSection(SolutionProperties) = preSolution
		HideSolutionNode = FALSE
	EndGlobalSection
	GlobalSection(ExtensibilityGlobals) = postSolution
		SolutionGuid = {F4C4FC38-BD7A-4FAC-AF00-2986895FE53B}
	EndGlobalSection
EndGlobal
